// !$*UTF8*$!
{
	archiveVersion = 1;
	classes = {
	};
	objectVersion = 51;
	objects = {

/* Begin PBXBuildFile section */
		309B54477372545E16535C8B /* Pods_SportsAppTests.framework in Frameworks */ = {isa = PBXBuildFile; fileRef = 83991B289E8252356B0B84BC /* Pods_SportsAppTests.framework */; };
		6B137E48282F3C66009249A9 /* EndPoint.swift in Sources */ = {isa = PBXBuildFile; fileRef = 6B137E47282F3C66009249A9 /* EndPoint.swift */; };
		6B5CA74F28315963008FB9EC /* twitter.jpeg in Resources */ = {isa = PBXBuildFile; fileRef = 6B5CA74E28315962008FB9EC /* twitter.jpeg */; };
		6B5CA7512831598E008FB9EC /* youtube.jpeg in Resources */ = {isa = PBXBuildFile; fileRef = 6B5CA7502831598E008FB9EC /* youtube.jpeg */; };
		6B5CA75328315997008FB9EC /* instagram.jpeg in Resources */ = {isa = PBXBuildFile; fileRef = 6B5CA75228315997008FB9EC /* instagram.jpeg */; };
		6B5CA755283159A4008FB9EC /* facebook.jpeg in Resources */ = {isa = PBXBuildFile; fileRef = 6B5CA754283159A4008FB9EC /* facebook.jpeg */; };
		6B5CA75728315D66008FB9EC /* SportsCustomCollectionViewCell.swift in Sources */ = {isa = PBXBuildFile; fileRef = 6B5CA75628315D66008FB9EC /* SportsCustomCollectionViewCell.swift */; };
		6B8471A32833CAA100AEC851 /* AllLeaguesTableViewCell.swift in Sources */ = {isa = PBXBuildFile; fileRef = 6B8471A22833CAA100AEC851 /* AllLeaguesTableViewCell.swift */; };
		6B8B7B1A282D54570066DCD4 /* AppDelegate.swift in Sources */ = {isa = PBXBuildFile; fileRef = 6B8B7B19282D54570066DCD4 /* AppDelegate.swift */; };
		6B8B7B1C282D54570066DCD4 /* SceneDelegate.swift in Sources */ = {isa = PBXBuildFile; fileRef = 6B8B7B1B282D54570066DCD4 /* SceneDelegate.swift */; };
		6B8B7B1F282D54570066DCD4 /* SportsApp.xcdatamodeld in Sources */ = {isa = PBXBuildFile; fileRef = 6B8B7B1D282D54570066DCD4 /* SportsApp.xcdatamodeld */; };
		6B8B7B23282D545A0066DCD4 /* Assets.xcassets in Resources */ = {isa = PBXBuildFile; fileRef = 6B8B7B22282D545A0066DCD4 /* Assets.xcassets */; };
		6B8B7B26282D545A0066DCD4 /* Preview Assets.xcassets in Resources */ = {isa = PBXBuildFile; fileRef = 6B8B7B25282D545A0066DCD4 /* Preview Assets.xcassets */; };
		6B8B7B29282D545A0066DCD4 /* LaunchScreen.storyboard in Resources */ = {isa = PBXBuildFile; fileRef = 6B8B7B27282D545A0066DCD4 /* LaunchScreen.storyboard */; };
		6B8B7B34282D545B0066DCD4 /* SportsAppTests.swift in Sources */ = {isa = PBXBuildFile; fileRef = 6B8B7B33282D545B0066DCD4 /* SportsAppTests.swift */; };
		6B8B7B3F282D545B0066DCD4 /* SportsAppUITests.swift in Sources */ = {isa = PBXBuildFile; fileRef = 6B8B7B3E282D545B0066DCD4 /* SportsAppUITests.swift */; };
		6BE7B68C28346336001D1CB8 /* FavoritesDataSource.swift in Sources */ = {isa = PBXBuildFile; fileRef = 6BE7B68B28346336001D1CB8 /* FavoritesDataSource.swift */; };
		8F079958282E8EBB00690A58 /* Main.storyboard in Resources */ = {isa = PBXBuildFile; fileRef = 8F079957282E8EBB00690A58 /* Main.storyboard */; };
		8F07995A282E8FC000690A58 /* ViewController.swift in Sources */ = {isa = PBXBuildFile; fileRef = 8F079959282E8FC000690A58 /* ViewController.swift */; };
		8F079973282E969000690A58 /* AllLeaguesModel.swift in Sources */ = {isa = PBXBuildFile; fileRef = 8F079972282E969000690A58 /* AllLeaguesModel.swift */; };
		8F079975282E96A500690A58 /* AllLeaguesPresenter.swift in Sources */ = {isa = PBXBuildFile; fileRef = 8F079974282E96A500690A58 /* AllLeaguesPresenter.swift */; };
		8F079977282E96DE00690A58 /* AllLeaguesViewController.swift in Sources */ = {isa = PBXBuildFile; fileRef = 8F079976282E96DE00690A58 /* AllLeaguesViewController.swift */; };
		8F079979282E96F800690A58 /* LeaguesDetailsModel.swift in Sources */ = {isa = PBXBuildFile; fileRef = 8F079978282E96F800690A58 /* LeaguesDetailsModel.swift */; };
		8F07997B282E970A00690A58 /* LeaguesDetailsPresenter.swift in Sources */ = {isa = PBXBuildFile; fileRef = 8F07997A282E970A00690A58 /* LeaguesDetailsPresenter.swift */; };
		8F07997D282E973700690A58 /* LeaguesDetailsViewController.swift in Sources */ = {isa = PBXBuildFile; fileRef = 8F07997C282E973700690A58 /* LeaguesDetailsViewController.swift */; };
		8F07997F282E974E00690A58 /* TeamDetailsViewController.swift in Sources */ = {isa = PBXBuildFile; fileRef = 8F07997E282E974E00690A58 /* TeamDetailsViewController.swift */; };
		8F079981282E976500690A58 /* TeamDetailsPresenter.swift in Sources */ = {isa = PBXBuildFile; fileRef = 8F079980282E976500690A58 /* TeamDetailsPresenter.swift */; };
		8F079983282E977700690A58 /* TeamDetailsModel.swift in Sources */ = {isa = PBXBuildFile; fileRef = 8F079982282E977700690A58 /* TeamDetailsModel.swift */; };
		8F079985282E979000690A58 /* NetworkService.swift in Sources */ = {isa = PBXBuildFile; fileRef = 8F079984282E979000690A58 /* NetworkService.swift */; };
		8F079987282E97A200690A58 /* CoreDateService.swift in Sources */ = {isa = PBXBuildFile; fileRef = 8F079986282E97A200690A58 /* CoreDateService.swift */; };
		8F07998A282E986900690A58 /* AllSportsViewController.swift in Sources */ = {isa = PBXBuildFile; fileRef = 8F079989282E986900690A58 /* AllSportsViewController.swift */; };
		8F07998C282E988400690A58 /* AllSportsPresenter.swift in Sources */ = {isa = PBXBuildFile; fileRef = 8F07998B282E988400690A58 /* AllSportsPresenter.swift */; };
		8F07998E282E989400690A58 /* AllSportsModel.swift in Sources */ = {isa = PBXBuildFile; fileRef = 8F07998D282E989400690A58 /* AllSportsModel.swift */; };
		8F3798382833FDE700DC4182 /* LatestCell.swift in Sources */ = {isa = PBXBuildFile; fileRef = 8F3798372833FDE700DC4182 /* LatestCell.swift */; };
		8FCE15452833145C00681443 /* UpcomingCell.swift in Sources */ = {isa = PBXBuildFile; fileRef = 8FCE15442833145B00681443 /* UpcomingCell.swift */; };
		8FCE15472833277200681443 /* TeamCell.swift in Sources */ = {isa = PBXBuildFile; fileRef = 8FCE15462833277200681443 /* TeamCell.swift */; };
		CA01096108717AAE7661927B /* Pods_SportsApp.framework in Frameworks */ = {isa = PBXBuildFile; fileRef = 22FC9B3512E4F3227900EDE1 /* Pods_SportsApp.framework */; };
		F7E7907AD86643EAB62363E4 /* Pods_SportsApp_SportsAppUITests.framework in Frameworks */ = {isa = PBXBuildFile; fileRef = 173D79501140A52FE8DE2525 /* Pods_SportsApp_SportsAppUITests.framework */; };
/* End PBXBuildFile section */

/* Begin PBXContainerItemProxy section */
		6B8B7B30282D545B0066DCD4 /* PBXContainerItemProxy */ = {
			isa = PBXContainerItemProxy;
			containerPortal = 6B8B7B0E282D54570066DCD4 /* Project object */;
			proxyType = 1;
			remoteGlobalIDString = 6B8B7B15282D54570066DCD4;
			remoteInfo = SportsApp;
		};
		6B8B7B3B282D545B0066DCD4 /* PBXContainerItemProxy */ = {
			isa = PBXContainerItemProxy;
			containerPortal = 6B8B7B0E282D54570066DCD4 /* Project object */;
			proxyType = 1;
			remoteGlobalIDString = 6B8B7B15282D54570066DCD4;
			remoteInfo = SportsApp;
		};
/* End PBXContainerItemProxy section */

/* Begin PBXFileReference section */
		173D79501140A52FE8DE2525 /* Pods_SportsApp_SportsAppUITests.framework */ = {isa = PBXFileReference; explicitFileType = wrapper.framework; includeInIndex = 0; path = Pods_SportsApp_SportsAppUITests.framework; sourceTree = BUILT_PRODUCTS_DIR; };
		22FC9B3512E4F3227900EDE1 /* Pods_SportsApp.framework */ = {isa = PBXFileReference; explicitFileType = wrapper.framework; includeInIndex = 0; path = Pods_SportsApp.framework; sourceTree = BUILT_PRODUCTS_DIR; };
		53272CB5E8461B6FF2096B9C /* Pods-SportsAppTests.release.xcconfig */ = {isa = PBXFileReference; includeInIndex = 1; lastKnownFileType = text.xcconfig; name = "Pods-SportsAppTests.release.xcconfig"; path = "Target Support Files/Pods-SportsAppTests/Pods-SportsAppTests.release.xcconfig"; sourceTree = "<group>"; };
		6B137E47282F3C66009249A9 /* EndPoint.swift */ = {isa = PBXFileReference; lastKnownFileType = sourcecode.swift; path = EndPoint.swift; sourceTree = "<group>"; };
		6B5CA74E28315962008FB9EC /* twitter.jpeg */ = {isa = PBXFileReference; lastKnownFileType = image.jpeg; path = twitter.jpeg; sourceTree = "<group>"; };
		6B5CA7502831598E008FB9EC /* youtube.jpeg */ = {isa = PBXFileReference; lastKnownFileType = image.jpeg; path = youtube.jpeg; sourceTree = "<group>"; };
		6B5CA75228315997008FB9EC /* instagram.jpeg */ = {isa = PBXFileReference; lastKnownFileType = image.jpeg; path = instagram.jpeg; sourceTree = "<group>"; };
		6B5CA754283159A4008FB9EC /* facebook.jpeg */ = {isa = PBXFileReference; lastKnownFileType = image.jpeg; path = facebook.jpeg; sourceTree = "<group>"; };
		6B5CA75628315D66008FB9EC /* SportsCustomCollectionViewCell.swift */ = {isa = PBXFileReference; lastKnownFileType = sourcecode.swift; path = SportsCustomCollectionViewCell.swift; sourceTree = "<group>"; };
		6B8471A22833CAA100AEC851 /* AllLeaguesTableViewCell.swift */ = {isa = PBXFileReference; lastKnownFileType = sourcecode.swift; path = AllLeaguesTableViewCell.swift; sourceTree = "<group>"; };
		6B8B7B16282D54570066DCD4 /* SportsApp.app */ = {isa = PBXFileReference; explicitFileType = wrapper.application; includeInIndex = 0; path = SportsApp.app; sourceTree = BUILT_PRODUCTS_DIR; };
		6B8B7B19282D54570066DCD4 /* AppDelegate.swift */ = {isa = PBXFileReference; lastKnownFileType = sourcecode.swift; path = AppDelegate.swift; sourceTree = "<group>"; };
		6B8B7B1B282D54570066DCD4 /* SceneDelegate.swift */ = {isa = PBXFileReference; lastKnownFileType = sourcecode.swift; path = SceneDelegate.swift; sourceTree = "<group>"; };
		6B8B7B1E282D54570066DCD4 /* SportsApp.xcdatamodel */ = {isa = PBXFileReference; lastKnownFileType = wrapper.xcdatamodel; path = SportsApp.xcdatamodel; sourceTree = "<group>"; };
		6B8B7B22282D545A0066DCD4 /* Assets.xcassets */ = {isa = PBXFileReference; lastKnownFileType = folder.assetcatalog; path = Assets.xcassets; sourceTree = "<group>"; };
		6B8B7B25282D545A0066DCD4 /* Preview Assets.xcassets */ = {isa = PBXFileReference; lastKnownFileType = folder.assetcatalog; path = "Preview Assets.xcassets"; sourceTree = "<group>"; };
		6B8B7B28282D545A0066DCD4 /* Base */ = {isa = PBXFileReference; lastKnownFileType = file.storyboard; name = Base; path = Base.lproj/LaunchScreen.storyboard; sourceTree = "<group>"; };
		6B8B7B2A282D545A0066DCD4 /* Info.plist */ = {isa = PBXFileReference; lastKnownFileType = text.plist.xml; path = Info.plist; sourceTree = "<group>"; };
		6B8B7B2F282D545B0066DCD4 /* SportsAppTests.xctest */ = {isa = PBXFileReference; explicitFileType = wrapper.cfbundle; includeInIndex = 0; path = SportsAppTests.xctest; sourceTree = BUILT_PRODUCTS_DIR; };
		6B8B7B33282D545B0066DCD4 /* SportsAppTests.swift */ = {isa = PBXFileReference; lastKnownFileType = sourcecode.swift; path = SportsAppTests.swift; sourceTree = "<group>"; };
		6B8B7B35282D545B0066DCD4 /* Info.plist */ = {isa = PBXFileReference; lastKnownFileType = text.plist.xml; path = Info.plist; sourceTree = "<group>"; };
		6B8B7B3A282D545B0066DCD4 /* SportsAppUITests.xctest */ = {isa = PBXFileReference; explicitFileType = wrapper.cfbundle; includeInIndex = 0; path = SportsAppUITests.xctest; sourceTree = BUILT_PRODUCTS_DIR; };
		6B8B7B3E282D545B0066DCD4 /* SportsAppUITests.swift */ = {isa = PBXFileReference; lastKnownFileType = sourcecode.swift; path = SportsAppUITests.swift; sourceTree = "<group>"; };
		6B8B7B40282D545B0066DCD4 /* Info.plist */ = {isa = PBXFileReference; lastKnownFileType = text.plist.xml; path = Info.plist; sourceTree = "<group>"; };
		6BE7B68B28346336001D1CB8 /* FavoritesDataSource.swift */ = {isa = PBXFileReference; lastKnownFileType = sourcecode.swift; name = FavoritesDataSource.swift; path = SportsApp/Module/AllLeagues/View/FavoritesDataSource.swift; sourceTree = SOURCE_ROOT; };
		83991B289E8252356B0B84BC /* Pods_SportsAppTests.framework */ = {isa = PBXFileReference; explicitFileType = wrapper.framework; includeInIndex = 0; path = Pods_SportsAppTests.framework; sourceTree = BUILT_PRODUCTS_DIR; };
		8F079957282E8EBB00690A58 /* Main.storyboard */ = {isa = PBXFileReference; lastKnownFileType = file.storyboard; path = Main.storyboard; sourceTree = "<group>"; };
		8F079959282E8FC000690A58 /* ViewController.swift */ = {isa = PBXFileReference; lastKnownFileType = sourcecode.swift; path = ViewController.swift; sourceTree = "<group>"; };
		8F079972282E969000690A58 /* AllLeaguesModel.swift */ = {isa = PBXFileReference; lastKnownFileType = sourcecode.swift; path = AllLeaguesModel.swift; sourceTree = "<group>"; };
		8F079974282E96A500690A58 /* AllLeaguesPresenter.swift */ = {isa = PBXFileReference; lastKnownFileType = sourcecode.swift; path = AllLeaguesPresenter.swift; sourceTree = "<group>"; };
		8F079976282E96DE00690A58 /* AllLeaguesViewController.swift */ = {isa = PBXFileReference; lastKnownFileType = sourcecode.swift; path = AllLeaguesViewController.swift; sourceTree = "<group>"; };
		8F079978282E96F800690A58 /* LeaguesDetailsModel.swift */ = {isa = PBXFileReference; lastKnownFileType = sourcecode.swift; path = LeaguesDetailsModel.swift; sourceTree = "<group>"; };
		8F07997A282E970A00690A58 /* LeaguesDetailsPresenter.swift */ = {isa = PBXFileReference; lastKnownFileType = sourcecode.swift; path = LeaguesDetailsPresenter.swift; sourceTree = "<group>"; };
		8F07997C282E973700690A58 /* LeaguesDetailsViewController.swift */ = {isa = PBXFileReference; lastKnownFileType = sourcecode.swift; path = LeaguesDetailsViewController.swift; sourceTree = "<group>"; };
		8F07997E282E974E00690A58 /* TeamDetailsViewController.swift */ = {isa = PBXFileReference; lastKnownFileType = sourcecode.swift; path = TeamDetailsViewController.swift; sourceTree = "<group>"; };
		8F079980282E976500690A58 /* TeamDetailsPresenter.swift */ = {isa = PBXFileReference; lastKnownFileType = sourcecode.swift; path = TeamDetailsPresenter.swift; sourceTree = "<group>"; };
		8F079982282E977700690A58 /* TeamDetailsModel.swift */ = {isa = PBXFileReference; lastKnownFileType = sourcecode.swift; path = TeamDetailsModel.swift; sourceTree = "<group>"; };
		8F079984282E979000690A58 /* NetworkService.swift */ = {isa = PBXFileReference; lastKnownFileType = sourcecode.swift; path = NetworkService.swift; sourceTree = "<group>"; };
		8F079986282E97A200690A58 /* CoreDateService.swift */ = {isa = PBXFileReference; lastKnownFileType = sourcecode.swift; path = CoreDateService.swift; sourceTree = "<group>"; };
		8F079989282E986900690A58 /* AllSportsViewController.swift */ = {isa = PBXFileReference; lastKnownFileType = sourcecode.swift; path = AllSportsViewController.swift; sourceTree = "<group>"; };
		8F07998B282E988400690A58 /* AllSportsPresenter.swift */ = {isa = PBXFileReference; lastKnownFileType = sourcecode.swift; path = AllSportsPresenter.swift; sourceTree = "<group>"; };
		8F07998D282E989400690A58 /* AllSportsModel.swift */ = {isa = PBXFileReference; lastKnownFileType = sourcecode.swift; path = AllSportsModel.swift; sourceTree = "<group>"; };
		8F3798372833FDE700DC4182 /* LatestCell.swift */ = {isa = PBXFileReference; lastKnownFileType = sourcecode.swift; path = LatestCell.swift; sourceTree = "<group>"; };
		8FCE15442833145B00681443 /* UpcomingCell.swift */ = {isa = PBXFileReference; lastKnownFileType = sourcecode.swift; path = UpcomingCell.swift; sourceTree = "<group>"; };
		8FCE15462833277200681443 /* TeamCell.swift */ = {isa = PBXFileReference; lastKnownFileType = sourcecode.swift; path = TeamCell.swift; sourceTree = "<group>"; };
		A1220E2AD1626BA94547E31E /* Pods-SportsApp-SportsAppUITests.debug.xcconfig */ = {isa = PBXFileReference; includeInIndex = 1; lastKnownFileType = text.xcconfig; name = "Pods-SportsApp-SportsAppUITests.debug.xcconfig"; path = "Target Support Files/Pods-SportsApp-SportsAppUITests/Pods-SportsApp-SportsAppUITests.debug.xcconfig"; sourceTree = "<group>"; };
		CB9E205D1DEC5BA66D570F8B /* Pods-SportsApp.release.xcconfig */ = {isa = PBXFileReference; includeInIndex = 1; lastKnownFileType = text.xcconfig; name = "Pods-SportsApp.release.xcconfig"; path = "Target Support Files/Pods-SportsApp/Pods-SportsApp.release.xcconfig"; sourceTree = "<group>"; };
		D2BEF6BA1765F54CC191DBE0 /* Pods-SportsApp.debug.xcconfig */ = {isa = PBXFileReference; includeInIndex = 1; lastKnownFileType = text.xcconfig; name = "Pods-SportsApp.debug.xcconfig"; path = "Target Support Files/Pods-SportsApp/Pods-SportsApp.debug.xcconfig"; sourceTree = "<group>"; };
		F59308B430985B91B17150AD /* Pods-SportsAppTests.debug.xcconfig */ = {isa = PBXFileReference; includeInIndex = 1; lastKnownFileType = text.xcconfig; name = "Pods-SportsAppTests.debug.xcconfig"; path = "Target Support Files/Pods-SportsAppTests/Pods-SportsAppTests.debug.xcconfig"; sourceTree = "<group>"; };
		FEE41762DA8E038E2B69C1E7 /* Pods-SportsApp-SportsAppUITests.release.xcconfig */ = {isa = PBXFileReference; includeInIndex = 1; lastKnownFileType = text.xcconfig; name = "Pods-SportsApp-SportsAppUITests.release.xcconfig"; path = "Target Support Files/Pods-SportsApp-SportsAppUITests/Pods-SportsApp-SportsAppUITests.release.xcconfig"; sourceTree = "<group>"; };
/* End PBXFileReference section */

/* Begin PBXFrameworksBuildPhase section */
		6B8B7B13282D54570066DCD4 /* Frameworks */ = {
			isa = PBXFrameworksBuildPhase;
			buildActionMask = 2147483647;
			files = (
				CA01096108717AAE7661927B /* Pods_SportsApp.framework in Frameworks */,
			);
			runOnlyForDeploymentPostprocessing = 0;
		};
		6B8B7B2C282D545B0066DCD4 /* Frameworks */ = {
			isa = PBXFrameworksBuildPhase;
			buildActionMask = 2147483647;
			files = (
				309B54477372545E16535C8B /* Pods_SportsAppTests.framework in Frameworks */,
			);
			runOnlyForDeploymentPostprocessing = 0;
		};
		6B8B7B37282D545B0066DCD4 /* Frameworks */ = {
			isa = PBXFrameworksBuildPhase;
			buildActionMask = 2147483647;
			files = (
				F7E7907AD86643EAB62363E4 /* Pods_SportsApp_SportsAppUITests.framework in Frameworks */,
			);
			runOnlyForDeploymentPostprocessing = 0;
		};
/* End PBXFrameworksBuildPhase section */

/* Begin PBXGroup section */
		6B8B7B0D282D54570066DCD4 = {
			isa = PBXGroup;
			children = (
				6B8B7B18282D54570066DCD4 /* SportsApp */,
				6B8B7B32282D545B0066DCD4 /* SportsAppTests */,
				6B8B7B3D282D545B0066DCD4 /* SportsAppUITests */,
				6B8B7B17282D54570066DCD4 /* Products */,
				B47D56A9ACBC250A18D60CF7 /* Pods */,
				81AF0B06CE514C3D91EC7FE7 /* Frameworks */,
			);
			sourceTree = "<group>";
		};
		6B8B7B17282D54570066DCD4 /* Products */ = {
			isa = PBXGroup;
			children = (
				6B8B7B16282D54570066DCD4 /* SportsApp.app */,
				6B8B7B2F282D545B0066DCD4 /* SportsAppTests.xctest */,
				6B8B7B3A282D545B0066DCD4 /* SportsAppUITests.xctest */,
			);
			name = Products;
			sourceTree = "<group>";
		};
		6B8B7B18282D54570066DCD4 /* SportsApp */ = {
			isa = PBXGroup;
			children = (
				6B5CA74E28315962008FB9EC /* twitter.jpeg */,
				6B5CA7502831598E008FB9EC /* youtube.jpeg */,
				6B5CA754283159A4008FB9EC /* facebook.jpeg */,
				6B5CA75228315997008FB9EC /* instagram.jpeg */,
				8F079988282E97B200690A58 /* Module */,
				8F079965282E94FD00690A58 /* LocalDB */,
				8F079964282E94F400690A58 /* Network */,
				8F079963282E94E900690A58 /* View */,
				6B8B7B19282D54570066DCD4 /* AppDelegate.swift */,
				6B8B7B1B282D54570066DCD4 /* SceneDelegate.swift */,
				6B8B7B22282D545A0066DCD4 /* Assets.xcassets */,
				6B8B7B2A282D545A0066DCD4 /* Info.plist */,
				8F079959282E8FC000690A58 /* ViewController.swift */,
				6B8B7B1D282D54570066DCD4 /* SportsApp.xcdatamodeld */,
				6B8B7B24282D545A0066DCD4 /* Preview Content */,
			);
			path = SportsApp;
			sourceTree = "<group>";
		};
		6B8B7B24282D545A0066DCD4 /* Preview Content */ = {
			isa = PBXGroup;
			children = (
				6B8B7B25282D545A0066DCD4 /* Preview Assets.xcassets */,
			);
			path = "Preview Content";
			sourceTree = "<group>";
		};
		6B8B7B32282D545B0066DCD4 /* SportsAppTests */ = {
			isa = PBXGroup;
			children = (
				6B8B7B33282D545B0066DCD4 /* SportsAppTests.swift */,
				6B8B7B35282D545B0066DCD4 /* Info.plist */,
			);
			path = SportsAppTests;
			sourceTree = "<group>";
		};
		6B8B7B3D282D545B0066DCD4 /* SportsAppUITests */ = {
			isa = PBXGroup;
			children = (
				6B8B7B3E282D545B0066DCD4 /* SportsAppUITests.swift */,
				6B8B7B40282D545B0066DCD4 /* Info.plist */,
			);
			path = SportsAppUITests;
			sourceTree = "<group>";
		};
		6B8D05F2282E9BE500ECB284 /* Favorites */ = {
			isa = PBXGroup;
			children = (
				6B8D05F5282E9C0900ECB284 /* View */,
				6B8D05F4282E9C0100ECB284 /* Presenter */,
				6B8D05F3282E9BF500ECB284 /* Model */,
			);
			name = Favorites;
			sourceTree = "<group>";
		};
		6B8D05F3282E9BF500ECB284 /* Model */ = {
			isa = PBXGroup;
			children = (
				6BE7B68B28346336001D1CB8 /* FavoritesDataSource.swift */,
			);
			path = Model;
			sourceTree = "<group>";
		};
		6B8D05F4282E9C0100ECB284 /* Presenter */ = {
			isa = PBXGroup;
			children = (
			);
			name = Presenter;
			sourceTree = "<group>";
		};
		6B8D05F5282E9C0900ECB284 /* View */ = {
			isa = PBXGroup;
			children = (
			);
			name = View;
			sourceTree = "<group>";
		};
		81AF0B06CE514C3D91EC7FE7 /* Frameworks */ = {
			isa = PBXGroup;
			children = (
				22FC9B3512E4F3227900EDE1 /* Pods_SportsApp.framework */,
				173D79501140A52FE8DE2525 /* Pods_SportsApp_SportsAppUITests.framework */,
				83991B289E8252356B0B84BC /* Pods_SportsAppTests.framework */,
			);
			name = Frameworks;
			sourceTree = "<group>";
		};
		8F07995F282E94A900690A58 /* AllSports */ = {
			isa = PBXGroup;
			children = (
				8F079968282E955300690A58 /* View */,
				8F079967282E954A00690A58 /* Presenter */,
				8F079966282E954300690A58 /* Model */,
			);
			path = AllSports;
			sourceTree = "<group>";
		};
		8F079960282E94B900690A58 /* AllLeagues */ = {
			isa = PBXGroup;
			children = (
				8F07996B282E956B00690A58 /* Model */,
				8F07996A282E956300690A58 /* Presenter */,
				8F079969282E955A00690A58 /* View */,
			);
			path = AllLeagues;
			sourceTree = "<group>";
		};
		8F079961282E94C400690A58 /* LeagueDetails */ = {
			isa = PBXGroup;
			children = (
				8F07996E282E957F00690A58 /* View */,
				8F07996D282E957700690A58 /* Presenter */,
				8F07996C282E957200690A58 /* Model */,
			);
			path = LeagueDetails;
			sourceTree = "<group>";
		};
		8F079962282E94D100690A58 /* TeamDetails */ = {
			isa = PBXGroup;
			children = (
				8F079971282E959700690A58 /* Model */,
				8F079970282E958F00690A58 /* Presenter */,
				8F07996F282E958500690A58 /* View */,
			);
			path = TeamDetails;
			sourceTree = "<group>";
		};
		8F079963282E94E900690A58 /* View */ = {
			isa = PBXGroup;
			children = (
				8F079957282E8EBB00690A58 /* Main.storyboard */,
				6B8B7B27282D545A0066DCD4 /* LaunchScreen.storyboard */,
			);
			path = View;
			sourceTree = "<group>";
		};
		8F079964282E94F400690A58 /* Network */ = {
			isa = PBXGroup;
			children = (
				8F079984282E979000690A58 /* NetworkService.swift */,
				6B137E47282F3C66009249A9 /* EndPoint.swift */,
			);
			path = Network;
			sourceTree = "<group>";
		};
		8F079965282E94FD00690A58 /* LocalDB */ = {
			isa = PBXGroup;
			children = (
				8F079986282E97A200690A58 /* CoreDateService.swift */,
			);
			path = LocalDB;
			sourceTree = "<group>";
		};
		8F079966282E954300690A58 /* Model */ = {
			isa = PBXGroup;
			children = (
				8F07998D282E989400690A58 /* AllSportsModel.swift */,
			);
			path = Model;
			sourceTree = "<group>";
		};
		8F079967282E954A00690A58 /* Presenter */ = {
			isa = PBXGroup;
			children = (
				8F07998B282E988400690A58 /* AllSportsPresenter.swift */,
			);
			path = Presenter;
			sourceTree = "<group>";
		};
		8F079968282E955300690A58 /* View */ = {
			isa = PBXGroup;
			children = (
				8F079989282E986900690A58 /* AllSportsViewController.swift */,
				6B5CA75628315D66008FB9EC /* SportsCustomCollectionViewCell.swift */,
			);
			path = View;
			sourceTree = "<group>";
		};
		8F079969282E955A00690A58 /* View */ = {
			isa = PBXGroup;
			children = (
				8F079976282E96DE00690A58 /* AllLeaguesViewController.swift */,
				6B8471A22833CAA100AEC851 /* AllLeaguesTableViewCell.swift */,
			);
			path = View;
			sourceTree = "<group>";
		};
		8F07996A282E956300690A58 /* Presenter */ = {
			isa = PBXGroup;
			children = (
				8F079974282E96A500690A58 /* AllLeaguesPresenter.swift */,
			);
			path = Presenter;
			sourceTree = "<group>";
		};
		8F07996B282E956B00690A58 /* Model */ = {
			isa = PBXGroup;
			children = (
				8F079972282E969000690A58 /* AllLeaguesModel.swift */,
			);
			path = Model;
			sourceTree = "<group>";
		};
		8F07996C282E957200690A58 /* Model */ = {
			isa = PBXGroup;
			children = (
				8F079978282E96F800690A58 /* LeaguesDetailsModel.swift */,
			);
			path = Model;
			sourceTree = "<group>";
		};
		8F07996D282E957700690A58 /* Presenter */ = {
			isa = PBXGroup;
			children = (
				8F07997A282E970A00690A58 /* LeaguesDetailsPresenter.swift */,
			);
			path = Presenter;
			sourceTree = "<group>";
		};
		8F07996E282E957F00690A58 /* View */ = {
			isa = PBXGroup;
			children = (
				8F07997C282E973700690A58 /* LeaguesDetailsViewController.swift */,
				8FCE15442833145B00681443 /* UpcomingCell.swift */,
				8FCE15462833277200681443 /* TeamCell.swift */,
				8F3798372833FDE700DC4182 /* LatestCell.swift */,
			);
			path = View;
			sourceTree = "<group>";
		};
		8F07996F282E958500690A58 /* View */ = {
			isa = PBXGroup;
			children = (
				8F07997E282E974E00690A58 /* TeamDetailsViewController.swift */,
			);
			path = View;
			sourceTree = "<group>";
		};
		8F079970282E958F00690A58 /* Presenter */ = {
			isa = PBXGroup;
			children = (
				8F079980282E976500690A58 /* TeamDetailsPresenter.swift */,
			);
			path = Presenter;
			sourceTree = "<group>";
		};
		8F079971282E959700690A58 /* Model */ = {
			isa = PBXGroup;
			children = (
				8F079982282E977700690A58 /* TeamDetailsModel.swift */,
			);
			path = Model;
			sourceTree = "<group>";
		};
		8F079988282E97B200690A58 /* Module */ = {
			isa = PBXGroup;
			children = (
				6B8D05F2282E9BE500ECB284 /* Favorites */,
				8F079962282E94D100690A58 /* TeamDetails */,
				8F079961282E94C400690A58 /* LeagueDetails */,
				8F079960282E94B900690A58 /* AllLeagues */,
				8F07995F282E94A900690A58 /* AllSports */,
			);
			path = Module;
			sourceTree = "<group>";
		};
		B47D56A9ACBC250A18D60CF7 /* Pods */ = {
			isa = PBXGroup;
			children = (
				D2BEF6BA1765F54CC191DBE0 /* Pods-SportsApp.debug.xcconfig */,
				CB9E205D1DEC5BA66D570F8B /* Pods-SportsApp.release.xcconfig */,
				A1220E2AD1626BA94547E31E /* Pods-SportsApp-SportsAppUITests.debug.xcconfig */,
				FEE41762DA8E038E2B69C1E7 /* Pods-SportsApp-SportsAppUITests.release.xcconfig */,
				F59308B430985B91B17150AD /* Pods-SportsAppTests.debug.xcconfig */,
				53272CB5E8461B6FF2096B9C /* Pods-SportsAppTests.release.xcconfig */,
			);
			path = Pods;
			sourceTree = "<group>";
		};
/* End PBXGroup section */

/* Begin PBXNativeTarget section */
		6B8B7B15282D54570066DCD4 /* SportsApp */ = {
			isa = PBXNativeTarget;
			buildConfigurationList = 6B8B7B43282D545B0066DCD4 /* Build configuration list for PBXNativeTarget "SportsApp" */;
			buildPhases = (
				70F13E22D081F0C76033BA07 /* [CP] Check Pods Manifest.lock */,
				6B8B7B12282D54570066DCD4 /* Sources */,
				6B8B7B13282D54570066DCD4 /* Frameworks */,
				6B8B7B14282D54570066DCD4 /* Resources */,
				6640B459B760A5B62F30957F /* [CP] Embed Pods Frameworks */,
			);
			buildRules = (
			);
			dependencies = (
			);
			name = SportsApp;
			productName = SportsApp;
			productReference = 6B8B7B16282D54570066DCD4 /* SportsApp.app */;
			productType = "com.apple.product-type.application";
		};
		6B8B7B2E282D545B0066DCD4 /* SportsAppTests */ = {
			isa = PBXNativeTarget;
			buildConfigurationList = 6B8B7B46282D545B0066DCD4 /* Build configuration list for PBXNativeTarget "SportsAppTests" */;
			buildPhases = (
				F9B12C1117C8AF4B957A1B98 /* [CP] Check Pods Manifest.lock */,
				6B8B7B2B282D545B0066DCD4 /* Sources */,
				6B8B7B2C282D545B0066DCD4 /* Frameworks */,
				6B8B7B2D282D545B0066DCD4 /* Resources */,
			);
			buildRules = (
			);
			dependencies = (
				6B8B7B31282D545B0066DCD4 /* PBXTargetDependency */,
			);
			name = SportsAppTests;
			productName = SportsAppTests;
			productReference = 6B8B7B2F282D545B0066DCD4 /* SportsAppTests.xctest */;
			productType = "com.apple.product-type.bundle.unit-test";
		};
		6B8B7B39282D545B0066DCD4 /* SportsAppUITests */ = {
			isa = PBXNativeTarget;
			buildConfigurationList = 6B8B7B49282D545B0066DCD4 /* Build configuration list for PBXNativeTarget "SportsAppUITests" */;
			buildPhases = (
				BDF4B166AA15A0A0F3F08C56 /* [CP] Check Pods Manifest.lock */,
				6B8B7B36282D545B0066DCD4 /* Sources */,
				6B8B7B37282D545B0066DCD4 /* Frameworks */,
				6B8B7B38282D545B0066DCD4 /* Resources */,
				A40D22050C261EE682B5A829 /* [CP] Embed Pods Frameworks */,
			);
			buildRules = (
			);
			dependencies = (
				6B8B7B3C282D545B0066DCD4 /* PBXTargetDependency */,
			);
			name = SportsAppUITests;
			productName = SportsAppUITests;
			productReference = 6B8B7B3A282D545B0066DCD4 /* SportsAppUITests.xctest */;
			productType = "com.apple.product-type.bundle.ui-testing";
		};
/* End PBXNativeTarget section */

/* Begin PBXProject section */
		6B8B7B0E282D54570066DCD4 /* Project object */ = {
			isa = PBXProject;
			attributes = {
				LastSwiftUpdateCheck = 1140;
				LastUpgradeCheck = 1140;
				ORGANIZATIONNAME = "Hala Emad";
				TargetAttributes = {
					6B8B7B15282D54570066DCD4 = {
						CreatedOnToolsVersion = 11.4;
					};
					6B8B7B2E282D545B0066DCD4 = {
						CreatedOnToolsVersion = 11.4;
						TestTargetID = 6B8B7B15282D54570066DCD4;
					};
					6B8B7B39282D545B0066DCD4 = {
						CreatedOnToolsVersion = 11.4;
						TestTargetID = 6B8B7B15282D54570066DCD4;
					};
				};
			};
			buildConfigurationList = 6B8B7B11282D54570066DCD4 /* Build configuration list for PBXProject "SportsApp" */;
			compatibilityVersion = "Xcode 9.3";
			developmentRegion = en;
			hasScannedForEncodings = 0;
			knownRegions = (
				en,
				Base,
			);
			mainGroup = 6B8B7B0D282D54570066DCD4;
			productRefGroup = 6B8B7B17282D54570066DCD4 /* Products */;
			projectDirPath = "";
			projectRoot = "";
			targets = (
				6B8B7B15282D54570066DCD4 /* SportsApp */,
				6B8B7B2E282D545B0066DCD4 /* SportsAppTests */,
				6B8B7B39282D545B0066DCD4 /* SportsAppUITests */,
			);
		};
/* End PBXProject section */

/* Begin PBXResourcesBuildPhase section */
		6B8B7B14282D54570066DCD4 /* Resources */ = {
			isa = PBXResourcesBuildPhase;
			buildActionMask = 2147483647;
			files = (
				6B8B7B29282D545A0066DCD4 /* LaunchScreen.storyboard in Resources */,
				6B8B7B26282D545A0066DCD4 /* Preview Assets.xcassets in Resources */,
				6B5CA75328315997008FB9EC /* instagram.jpeg in Resources */,
				6B5CA7512831598E008FB9EC /* youtube.jpeg in Resources */,
				6B8B7B23282D545A0066DCD4 /* Assets.xcassets in Resources */,
				8F079958282E8EBB00690A58 /* Main.storyboard in Resources */,
				6B5CA755283159A4008FB9EC /* facebook.jpeg in Resources */,
			);
			runOnlyForDeploymentPostprocessing = 0;
		};
		6B8B7B2D282D545B0066DCD4 /* Resources */ = {
			isa = PBXResourcesBuildPhase;
			buildActionMask = 2147483647;
			files = (
				6B5CA74F28315963008FB9EC /* twitter.jpeg in Resources */,
			);
			runOnlyForDeploymentPostprocessing = 0;
		};
		6B8B7B38282D545B0066DCD4 /* Resources */ = {
			isa = PBXResourcesBuildPhase;
			buildActionMask = 2147483647;
			files = (
			);
			runOnlyForDeploymentPostprocessing = 0;
		};
/* End PBXResourcesBuildPhase section */

/* Begin PBXShellScriptBuildPhase section */
		6640B459B760A5B62F30957F /* [CP] Embed Pods Frameworks */ = {
			isa = PBXShellScriptBuildPhase;
			buildActionMask = 2147483647;
			files = (
			);
			inputFileListPaths = (
				"${PODS_ROOT}/Target Support Files/Pods-SportsApp/Pods-SportsApp-frameworks-${CONFIGURATION}-input-files.xcfilelist",
			);
			name = "[CP] Embed Pods Frameworks";
			outputFileListPaths = (
				"${PODS_ROOT}/Target Support Files/Pods-SportsApp/Pods-SportsApp-frameworks-${CONFIGURATION}-output-files.xcfilelist",
			);
			runOnlyForDeploymentPostprocessing = 0;
			shellPath = /bin/sh;
			shellScript = "\"${PODS_ROOT}/Target Support Files/Pods-SportsApp/Pods-SportsApp-frameworks.sh\"\n";
			showEnvVarsInLog = 0;
		};
		70F13E22D081F0C76033BA07 /* [CP] Check Pods Manifest.lock */ = {
			isa = PBXShellScriptBuildPhase;
			buildActionMask = 2147483647;
			files = (
			);
			inputFileListPaths = (
			);
			inputPaths = (
				"${PODS_PODFILE_DIR_PATH}/Podfile.lock",
				"${PODS_ROOT}/Manifest.lock",
			);
			name = "[CP] Check Pods Manifest.lock";
			outputFileListPaths = (
			);
			outputPaths = (
				"$(DERIVED_FILE_DIR)/Pods-SportsApp-checkManifestLockResult.txt",
			);
			runOnlyForDeploymentPostprocessing = 0;
			shellPath = /bin/sh;
			shellScript = "diff \"${PODS_PODFILE_DIR_PATH}/Podfile.lock\" \"${PODS_ROOT}/Manifest.lock\" > /dev/null\nif [ $? != 0 ] ; then\n    # print error to STDERR\n    echo \"error: The sandbox is not in sync with the Podfile.lock. Run 'pod install' or update your CocoaPods installation.\" >&2\n    exit 1\nfi\n# This output is used by Xcode 'outputs' to avoid re-running this script phase.\necho \"SUCCESS\" > \"${SCRIPT_OUTPUT_FILE_0}\"\n";
			showEnvVarsInLog = 0;
		};
		A40D22050C261EE682B5A829 /* [CP] Embed Pods Frameworks */ = {
			isa = PBXShellScriptBuildPhase;
			buildActionMask = 2147483647;
			files = (
			);
			inputFileListPaths = (
				"${PODS_ROOT}/Target Support Files/Pods-SportsApp-SportsAppUITests/Pods-SportsApp-SportsAppUITests-frameworks-${CONFIGURATION}-input-files.xcfilelist",
			);
			name = "[CP] Embed Pods Frameworks";
			outputFileListPaths = (
				"${PODS_ROOT}/Target Support Files/Pods-SportsApp-SportsAppUITests/Pods-SportsApp-SportsAppUITests-frameworks-${CONFIGURATION}-output-files.xcfilelist",
			);
			runOnlyForDeploymentPostprocessing = 0;
			shellPath = /bin/sh;
			shellScript = "\"${PODS_ROOT}/Target Support Files/Pods-SportsApp-SportsAppUITests/Pods-SportsApp-SportsAppUITests-frameworks.sh\"\n";
			showEnvVarsInLog = 0;
		};
		BDF4B166AA15A0A0F3F08C56 /* [CP] Check Pods Manifest.lock */ = {
			isa = PBXShellScriptBuildPhase;
			buildActionMask = 2147483647;
			files = (
			);
			inputFileListPaths = (
			);
			inputPaths = (
				"${PODS_PODFILE_DIR_PATH}/Podfile.lock",
				"${PODS_ROOT}/Manifest.lock",
			);
			name = "[CP] Check Pods Manifest.lock";
			outputFileListPaths = (
			);
			outputPaths = (
				"$(DERIVED_FILE_DIR)/Pods-SportsApp-SportsAppUITests-checkManifestLockResult.txt",
			);
			runOnlyForDeploymentPostprocessing = 0;
			shellPath = /bin/sh;
			shellScript = "diff \"${PODS_PODFILE_DIR_PATH}/Podfile.lock\" \"${PODS_ROOT}/Manifest.lock\" > /dev/null\nif [ $? != 0 ] ; then\n    # print error to STDERR\n    echo \"error: The sandbox is not in sync with the Podfile.lock. Run 'pod install' or update your CocoaPods installation.\" >&2\n    exit 1\nfi\n# This output is used by Xcode 'outputs' to avoid re-running this script phase.\necho \"SUCCESS\" > \"${SCRIPT_OUTPUT_FILE_0}\"\n";
			showEnvVarsInLog = 0;
		};
		F9B12C1117C8AF4B957A1B98 /* [CP] Check Pods Manifest.lock */ = {
			isa = PBXShellScriptBuildPhase;
			buildActionMask = 2147483647;
			files = (
			);
			inputFileListPaths = (
			);
			inputPaths = (
				"${PODS_PODFILE_DIR_PATH}/Podfile.lock",
				"${PODS_ROOT}/Manifest.lock",
			);
			name = "[CP] Check Pods Manifest.lock";
			outputFileListPaths = (
			);
			outputPaths = (
				"$(DERIVED_FILE_DIR)/Pods-SportsAppTests-checkManifestLockResult.txt",
			);
			runOnlyForDeploymentPostprocessing = 0;
			shellPath = /bin/sh;
			shellScript = "diff \"${PODS_PODFILE_DIR_PATH}/Podfile.lock\" \"${PODS_ROOT}/Manifest.lock\" > /dev/null\nif [ $? != 0 ] ; then\n    # print error to STDERR\n    echo \"error: The sandbox is not in sync with the Podfile.lock. Run 'pod install' or update your CocoaPods installation.\" >&2\n    exit 1\nfi\n# This output is used by Xcode 'outputs' to avoid re-running this script phase.\necho \"SUCCESS\" > \"${SCRIPT_OUTPUT_FILE_0}\"\n";
			showEnvVarsInLog = 0;
		};
/* End PBXShellScriptBuildPhase section */

/* Begin PBXSourcesBuildPhase section */
		6B8B7B12282D54570066DCD4 /* Sources */ = {
			isa = PBXSourcesBuildPhase;
			buildActionMask = 2147483647;
			files = (
				8F07998C282E988400690A58 /* AllSportsPresenter.swift in Sources */,
				8F079977282E96DE00690A58 /* AllLeaguesViewController.swift in Sources */,
				8F079987282E97A200690A58 /* CoreDateService.swift in Sources */,
				8F079979282E96F800690A58 /* LeaguesDetailsModel.swift in Sources */,
				8FCE15472833277200681443 /* TeamCell.swift in Sources */,
				6B137E48282F3C66009249A9 /* EndPoint.swift in Sources */,
				8F07995A282E8FC000690A58 /* ViewController.swift in Sources */,
				8F079975282E96A500690A58 /* AllLeaguesPresenter.swift in Sources */,
				8F3798382833FDE700DC4182 /* LatestCell.swift in Sources */,
				8FCE15452833145C00681443 /* UpcomingCell.swift in Sources */,
				6B8B7B1F282D54570066DCD4 /* SportsApp.xcdatamodeld in Sources */,
				6B8471A32833CAA100AEC851 /* AllLeaguesTableViewCell.swift in Sources */,
				8F079973282E969000690A58 /* AllLeaguesModel.swift in Sources */,
				8F079985282E979000690A58 /* NetworkService.swift in Sources */,
				6B8B7B1A282D54570066DCD4 /* AppDelegate.swift in Sources */,
				6BE7B68C28346336001D1CB8 /* FavoritesDataSource.swift in Sources */,
				8F07998E282E989400690A58 /* AllSportsModel.swift in Sources */,
				8F07997F282E974E00690A58 /* TeamDetailsViewController.swift in Sources */,
				8F07997B282E970A00690A58 /* LeaguesDetailsPresenter.swift in Sources */,
				8F07998A282E986900690A58 /* AllSportsViewController.swift in Sources */,
				8F07997D282E973700690A58 /* LeaguesDetailsViewController.swift in Sources */,
				6B5CA75728315D66008FB9EC /* SportsCustomCollectionViewCell.swift in Sources */,
				8F079983282E977700690A58 /* TeamDetailsModel.swift in Sources */,
				8F079981282E976500690A58 /* TeamDetailsPresenter.swift in Sources */,
				6B8B7B1C282D54570066DCD4 /* SceneDelegate.swift in Sources */,
			);
			runOnlyForDeploymentPostprocessing = 0;
		};
		6B8B7B2B282D545B0066DCD4 /* Sources */ = {
			isa = PBXSourcesBuildPhase;
			buildActionMask = 2147483647;
			files = (
				6B8B7B34282D545B0066DCD4 /* SportsAppTests.swift in Sources */,
			);
			runOnlyForDeploymentPostprocessing = 0;
		};
		6B8B7B36282D545B0066DCD4 /* Sources */ = {
			isa = PBXSourcesBuildPhase;
			buildActionMask = 2147483647;
			files = (
				6B8B7B3F282D545B0066DCD4 /* SportsAppUITests.swift in Sources */,
			);
			runOnlyForDeploymentPostprocessing = 0;
		};
/* End PBXSourcesBuildPhase section */

/* Begin PBXTargetDependency section */
		6B8B7B31282D545B0066DCD4 /* PBXTargetDependency */ = {
			isa = PBXTargetDependency;
			target = 6B8B7B15282D54570066DCD4 /* SportsApp */;
			targetProxy = 6B8B7B30282D545B0066DCD4 /* PBXContainerItemProxy */;
		};
		6B8B7B3C282D545B0066DCD4 /* PBXTargetDependency */ = {
			isa = PBXTargetDependency;
			target = 6B8B7B15282D54570066DCD4 /* SportsApp */;
			targetProxy = 6B8B7B3B282D545B0066DCD4 /* PBXContainerItemProxy */;
		};
/* End PBXTargetDependency section */

/* Begin PBXVariantGroup section */
		6B8B7B27282D545A0066DCD4 /* LaunchScreen.storyboard */ = {
			isa = PBXVariantGroup;
			children = (
				6B8B7B28282D545A0066DCD4 /* Base */,
			);
			name = LaunchScreen.storyboard;
			sourceTree = "<group>";
		};
/* End PBXVariantGroup section */

/* Begin XCBuildConfiguration section */
		6B8B7B41282D545B0066DCD4 /* Debug */ = {
			isa = XCBuildConfiguration;
			buildSettings = {
				ALWAYS_SEARCH_USER_PATHS = NO;
				CLANG_ANALYZER_NONNULL = YES;
				CLANG_ANALYZER_NUMBER_OBJECT_CONVERSION = YES_AGGRESSIVE;
				CLANG_CXX_LANGUAGE_STANDARD = "gnu++14";
				CLANG_CXX_LIBRARY = "libc++";
				CLANG_ENABLE_MODULES = YES;
				CLANG_ENABLE_OBJC_ARC = YES;
				CLANG_ENABLE_OBJC_WEAK = YES;
				CLANG_WARN_BLOCK_CAPTURE_AUTORELEASING = YES;
				CLANG_WARN_BOOL_CONVERSION = YES;
				CLANG_WARN_COMMA = YES;
				CLANG_WARN_CONSTANT_CONVERSION = YES;
				CLANG_WARN_DEPRECATED_OBJC_IMPLEMENTATIONS = YES;
				CLANG_WARN_DIRECT_OBJC_ISA_USAGE = YES_ERROR;
				CLANG_WARN_DOCUMENTATION_COMMENTS = YES;
				CLANG_WARN_EMPTY_BODY = YES;
				CLANG_WARN_ENUM_CONVERSION = YES;
				CLANG_WARN_INFINITE_RECURSION = YES;
				CLANG_WARN_INT_CONVERSION = YES;
				CLANG_WARN_NON_LITERAL_NULL_CONVERSION = YES;
				CLANG_WARN_OBJC_IMPLICIT_RETAIN_SELF = YES;
				CLANG_WARN_OBJC_LITERAL_CONVERSION = YES;
				CLANG_WARN_OBJC_ROOT_CLASS = YES_ERROR;
				CLANG_WARN_RANGE_LOOP_ANALYSIS = YES;
				CLANG_WARN_STRICT_PROTOTYPES = YES;
				CLANG_WARN_SUSPICIOUS_MOVE = YES;
				CLANG_WARN_UNGUARDED_AVAILABILITY = YES_AGGRESSIVE;
				CLANG_WARN_UNREACHABLE_CODE = YES;
				CLANG_WARN__DUPLICATE_METHOD_MATCH = YES;
				COPY_PHASE_STRIP = NO;
				DEBUG_INFORMATION_FORMAT = dwarf;
				ENABLE_STRICT_OBJC_MSGSEND = YES;
				ENABLE_TESTABILITY = YES;
				GCC_C_LANGUAGE_STANDARD = gnu11;
				GCC_DYNAMIC_NO_PIC = NO;
				GCC_NO_COMMON_BLOCKS = YES;
				GCC_OPTIMIZATION_LEVEL = 0;
				GCC_PREPROCESSOR_DEFINITIONS = (
					"DEBUG=1",
					"$(inherited)",
				);
				GCC_WARN_64_TO_32_BIT_CONVERSION = YES;
				GCC_WARN_ABOUT_RETURN_TYPE = YES_ERROR;
				GCC_WARN_UNDECLARED_SELECTOR = YES;
				GCC_WARN_UNINITIALIZED_AUTOS = YES_AGGRESSIVE;
				GCC_WARN_UNUSED_FUNCTION = YES;
				GCC_WARN_UNUSED_VARIABLE = YES;
				IPHONEOS_DEPLOYMENT_TARGET = 13.4;
				MTL_ENABLE_DEBUG_INFO = INCLUDE_SOURCE;
				MTL_FAST_MATH = YES;
				ONLY_ACTIVE_ARCH = YES;
				SDKROOT = iphoneos;
				SWIFT_ACTIVE_COMPILATION_CONDITIONS = DEBUG;
				SWIFT_OPTIMIZATION_LEVEL = "-Onone";
			};
			name = Debug;
		};
		6B8B7B42282D545B0066DCD4 /* Release */ = {
			isa = XCBuildConfiguration;
			buildSettings = {
				ALWAYS_SEARCH_USER_PATHS = NO;
				CLANG_ANALYZER_NONNULL = YES;
				CLANG_ANALYZER_NUMBER_OBJECT_CONVERSION = YES_AGGRESSIVE;
				CLANG_CXX_LANGUAGE_STANDARD = "gnu++14";
				CLANG_CXX_LIBRARY = "libc++";
				CLANG_ENABLE_MODULES = YES;
				CLANG_ENABLE_OBJC_ARC = YES;
				CLANG_ENABLE_OBJC_WEAK = YES;
				CLANG_WARN_BLOCK_CAPTURE_AUTORELEASING = YES;
				CLANG_WARN_BOOL_CONVERSION = YES;
				CLANG_WARN_COMMA = YES;
				CLANG_WARN_CONSTANT_CONVERSION = YES;
				CLANG_WARN_DEPRECATED_OBJC_IMPLEMENTATIONS = YES;
				CLANG_WARN_DIRECT_OBJC_ISA_USAGE = YES_ERROR;
				CLANG_WARN_DOCUMENTATION_COMMENTS = YES;
				CLANG_WARN_EMPTY_BODY = YES;
				CLANG_WARN_ENUM_CONVERSION = YES;
				CLANG_WARN_INFINITE_RECURSION = YES;
				CLANG_WARN_INT_CONVERSION = YES;
				CLANG_WARN_NON_LITERAL_NULL_CONVERSION = YES;
				CLANG_WARN_OBJC_IMPLICIT_RETAIN_SELF = YES;
				CLANG_WARN_OBJC_LITERAL_CONVERSION = YES;
				CLANG_WARN_OBJC_ROOT_CLASS = YES_ERROR;
				CLANG_WARN_RANGE_LOOP_ANALYSIS = YES;
				CLANG_WARN_STRICT_PROTOTYPES = YES;
				CLANG_WARN_SUSPICIOUS_MOVE = YES;
				CLANG_WARN_UNGUARDED_AVAILABILITY = YES_AGGRESSIVE;
				CLANG_WARN_UNREACHABLE_CODE = YES;
				CLANG_WARN__DUPLICATE_METHOD_MATCH = YES;
				COPY_PHASE_STRIP = NO;
				DEBUG_INFORMATION_FORMAT = "dwarf-with-dsym";
				ENABLE_NS_ASSERTIONS = NO;
				ENABLE_STRICT_OBJC_MSGSEND = YES;
				GCC_C_LANGUAGE_STANDARD = gnu11;
				GCC_NO_COMMON_BLOCKS = YES;
				GCC_WARN_64_TO_32_BIT_CONVERSION = YES;
				GCC_WARN_ABOUT_RETURN_TYPE = YES_ERROR;
				GCC_WARN_UNDECLARED_SELECTOR = YES;
				GCC_WARN_UNINITIALIZED_AUTOS = YES_AGGRESSIVE;
				GCC_WARN_UNUSED_FUNCTION = YES;
				GCC_WARN_UNUSED_VARIABLE = YES;
				IPHONEOS_DEPLOYMENT_TARGET = 13.4;
				MTL_ENABLE_DEBUG_INFO = NO;
				MTL_FAST_MATH = YES;
				SDKROOT = iphoneos;
				SWIFT_COMPILATION_MODE = wholemodule;
				SWIFT_OPTIMIZATION_LEVEL = "-O";
				VALIDATE_PRODUCT = YES;
			};
			name = Release;
		};
		6B8B7B44282D545B0066DCD4 /* Debug */ = {
			isa = XCBuildConfiguration;
			baseConfigurationReference = D2BEF6BA1765F54CC191DBE0 /* Pods-SportsApp.debug.xcconfig */;
			buildSettings = {
				ASSETCATALOG_COMPILER_APPICON_NAME = AppIcon;
				CODE_SIGN_STYLE = Automatic;
				DEVELOPMENT_ASSET_PATHS = "\"SportsApp/Preview Content\"";
				ENABLE_PREVIEWS = YES;
				INFOPLIST_FILE = SportsApp/Info.plist;
				LD_RUNPATH_SEARCH_PATHS = (
					"$(inherited)",
					"@executable_path/Frameworks",
				);
				PRODUCT_BUNDLE_IDENTIFIER = iti.SportsApp;
				PRODUCT_NAME = "$(TARGET_NAME)";
				SWIFT_VERSION = 5.0;
				TARGETED_DEVICE_FAMILY = "1,2";
			};
			name = Debug;
		};
		6B8B7B45282D545B0066DCD4 /* Release */ = {
			isa = XCBuildConfiguration;
			baseConfigurationReference = CB9E205D1DEC5BA66D570F8B /* Pods-SportsApp.release.xcconfig */;
			buildSettings = {
				ASSETCATALOG_COMPILER_APPICON_NAME = AppIcon;
				CODE_SIGN_STYLE = Automatic;
				DEVELOPMENT_ASSET_PATHS = "\"SportsApp/Preview Content\"";
				ENABLE_PREVIEWS = YES;
				INFOPLIST_FILE = SportsApp/Info.plist;
				LD_RUNPATH_SEARCH_PATHS = (
					"$(inherited)",
					"@executable_path/Frameworks",
				);
				PRODUCT_BUNDLE_IDENTIFIER = iti.SportsApp;
				PRODUCT_NAME = "$(TARGET_NAME)";
				SWIFT_VERSION = 5.0;
				TARGETED_DEVICE_FAMILY = "1,2";
			};
			name = Release;
		};
		6B8B7B47282D545B0066DCD4 /* Debug */ = {
			isa = XCBuildConfiguration;
			baseConfigurationReference = F59308B430985B91B17150AD /* Pods-SportsAppTests.debug.xcconfig */;
			buildSettings = {
				ALWAYS_EMBED_SWIFT_STANDARD_LIBRARIES = YES;
				BUNDLE_LOADER = "$(TEST_HOST)";
				CODE_SIGN_STYLE = Automatic;
				INFOPLIST_FILE = SportsAppTests/Info.plist;
				IPHONEOS_DEPLOYMENT_TARGET = 13.4;
				LD_RUNPATH_SEARCH_PATHS = (
					"$(inherited)",
					"@executable_path/Frameworks",
					"@loader_path/Frameworks",
				);
				PRODUCT_BUNDLE_IDENTIFIER = iti.SportsAppTests;
				PRODUCT_NAME = "$(TARGET_NAME)";
				SWIFT_VERSION = 5.0;
				TARGETED_DEVICE_FAMILY = "1,2";
				TEST_HOST = "$(BUILT_PRODUCTS_DIR)/SportsApp.app/SportsApp";
			};
			name = Debug;
		};
		6B8B7B48282D545B0066DCD4 /* Release */ = {
			isa = XCBuildConfiguration;
			baseConfigurationReference = 53272CB5E8461B6FF2096B9C /* Pods-SportsAppTests.release.xcconfig */;
			buildSettings = {
				ALWAYS_EMBED_SWIFT_STANDARD_LIBRARIES = YES;
				BUNDLE_LOADER = "$(TEST_HOST)";
				CODE_SIGN_STYLE = Automatic;
				INFOPLIST_FILE = SportsAppTests/Info.plist;
				IPHONEOS_DEPLOYMENT_TARGET = 13.4;
				LD_RUNPATH_SEARCH_PATHS = (
					"$(inherited)",
					"@executable_path/Frameworks",
					"@loader_path/Frameworks",
				);
				PRODUCT_BUNDLE_IDENTIFIER = iti.SportsAppTests;
				PRODUCT_NAME = "$(TARGET_NAME)";
				SWIFT_VERSION = 5.0;
				TARGETED_DEVICE_FAMILY = "1,2";
				TEST_HOST = "$(BUILT_PRODUCTS_DIR)/SportsApp.app/SportsApp";
			};
			name = Release;
		};
		6B8B7B4A282D545B0066DCD4 /* Debug */ = {
			isa = XCBuildConfiguration;
			baseConfigurationReference = A1220E2AD1626BA94547E31E /* Pods-SportsApp-SportsAppUITests.debug.xcconfig */;
			buildSettings = {
				ALWAYS_EMBED_SWIFT_STANDARD_LIBRARIES = YES;
				CODE_SIGN_STYLE = Automatic;
				INFOPLIST_FILE = SportsAppUITests/Info.plist;
				LD_RUNPATH_SEARCH_PATHS = (
					"$(inherited)",
					"@executable_path/Frameworks",
					"@loader_path/Frameworks",
				);
				PRODUCT_BUNDLE_IDENTIFIER = iti.SportsAppUITests;
				PRODUCT_NAME = "$(TARGET_NAME)";
				SWIFT_VERSION = 5.0;
				TARGETED_DEVICE_FAMILY = "1,2";
				TEST_TARGET_NAME = SportsApp;
			};
			name = Debug;
		};
		6B8B7B4B282D545B0066DCD4 /* Release */ = {
			isa = XCBuildConfiguration;
			baseConfigurationReference = FEE41762DA8E038E2B69C1E7 /* Pods-SportsApp-SportsAppUITests.release.xcconfig */;
			buildSettings = {
				ALWAYS_EMBED_SWIFT_STANDARD_LIBRARIES = YES;
				CODE_SIGN_STYLE = Automatic;
				INFOPLIST_FILE = SportsAppUITests/Info.plist;
				LD_RUNPATH_SEARCH_PATHS = (
					"$(inherited)",
					"@executable_path/Frameworks",
					"@loader_path/Frameworks",
				);
				PRODUCT_BUNDLE_IDENTIFIER = iti.SportsAppUITests;
				PRODUCT_NAME = "$(TARGET_NAME)";
				SWIFT_VERSION = 5.0;
				TARGETED_DEVICE_FAMILY = "1,2";
				TEST_TARGET_NAME = SportsApp;
			};
			name = Release;
		};
/* End XCBuildConfiguration section */

/* Begin XCConfigurationList section */
		6B8B7B11282D54570066DCD4 /* Build configuration list for PBXProject "SportsApp" */ = {
			isa = XCConfigurationList;
			buildConfigurations = (
				6B8B7B41282D545B0066DCD4 /* Debug */,
				6B8B7B42282D545B0066DCD4 /* Release */,
			);
			defaultConfigurationIsVisible = 0;
			defaultConfigurationName = Release;
		};
		6B8B7B43282D545B0066DCD4 /* Build configuration list for PBXNativeTarget "SportsApp" */ = {
			isa = XCConfigurationList;
			buildConfigurations = (
				6B8B7B44282D545B0066DCD4 /* Debug */,
				6B8B7B45282D545B0066DCD4 /* Release */,
			);
			defaultConfigurationIsVisible = 0;
			defaultConfigurationName = Release;
		};
		6B8B7B46282D545B0066DCD4 /* Build configuration list for PBXNativeTarget "SportsAppTests" */ = {
			isa = XCConfigurationList;
			buildConfigurations = (
				6B8B7B47282D545B0066DCD4 /* Debug */,
				6B8B7B48282D545B0066DCD4 /* Release */,
			);
			defaultConfigurationIsVisible = 0;
			defaultConfigurationName = Release;
		};
		6B8B7B49282D545B0066DCD4 /* Build configuration list for PBXNativeTarget "SportsAppUITests" */ = {
			isa = XCConfigurationList;
			buildConfigurations = (
				6B8B7B4A282D545B0066DCD4 /* Debug */,
				6B8B7B4B282D545B0066DCD4 /* Release */,
			);
			defaultConfigurationIsVisible = 0;
			defaultConfigurationName = Release;
		};
/* End XCConfigurationList section */

/* Begin XCVersionGroup section */
		6B8B7B1D282D54570066DCD4 /* SportsApp.xcdatamodeld */ = {
			isa = XCVersionGroup;
			children = (
				6B8B7B1E282D54570066DCD4 /* SportsApp.xcdatamodel */,
			);
			currentVersion = 6B8B7B1E282D54570066DCD4 /* SportsApp.xcdatamodel */;
			path = SportsApp.xcdatamodeld;
			sourceTree = "<group>";
			versionGroupType = wrapper.xcdatamodel;
		};
/* End XCVersionGroup section */
	};
	rootObject = 6B8B7B0E282D54570066DCD4 /* Project object */;
}
